
Microsoft Visual Studio Solution File, Format Version 12.00
# Visual Studio 15
VisualStudioVersion = 15.0.27004.2010
MinimumVisualStudioVersion = 10.0.40219.1
Project("{FAE04EC0-301F-11D3-BF4B-00C04F79EFBC}") = "WebApplication1", "WebApplication1\WebApplication1.csproj", "{910CFA44-A356-4A46-AE4C-73470851334A}"
EndProject
Global
	GlobalSection(SolutionConfigurationPlatforms) = preSolution
		Debug|Any CPU = Debug|Any CPU
		Release|Any CPU = Release|Any CPU
	EndGlobalSection
	GlobalSection(ProjectConfigurationPlatforms) = postSolution
		{910CFA44-A356-4A46-AE4C-73470851334A}.Debug|Any CPU.ActiveCfg = Debug|Any CPU
		{910CFA44-A356-4A46-AE4C-73470851334A}.Debug|Any CPU.Build.0 = Debug|Any CPU
		{910CFA44-A356-4A46-AE4C-73470851334A}.Release|Any CPU.ActiveCfg = Release|Any CPU
		{910CFA44-A356-4A46-AE4C-73470851334A}.Release|Any CPU.Build.0 = Release|Any CPU
	EndGlobalSection
	GlobalSection(SolutionProperties) = preSolution
		HideSolutionNode = FALSE
	EndGlobalSection
	GlobalSection(ExtensibilityGlobals) = postSolution
		SolutionGuid = {0614C478-8990-4837-93E5-0643B792D0FC}
	EndGlobalSection
EndGlobal
